
Microsoft Visual Studio Solution File, Format Version 12.00
# Visual Studio Version 17
VisualStudioVersion = 17.0.32112.339
MinimumVisualStudioVersion = 10.0.40219.1
Project("{FAE04EC0-301F-11D3-BF4B-00C04F79EFBC}") = "Galaxy", "Galaxy\Galaxy.csproj", "{C2E9C7AA-251D-4F91-AF33-D9A0D255CB8A}"
EndProject
Global
	GlobalSection(SolutionConfigurationPlatforms) = preSolution
		Debug|Any CPU = Debug|Any CPU
		Release|Any CPU = Release|Any CPU
	EndGlobalSection
	GlobalSection(ProjectConfigurationPlatforms) = postSolution
		{C2E9C7AA-251D-4F91-AF33-D9A0D255CB8A}.Debug|Any CPU.ActiveCfg = Debug|Any CPU
		{C2E9C7AA-251D-4F91-AF33-D9A0D255CB8A}.Debug|Any CPU.Build.0 = Debug|Any CPU
		{C2E9C7AA-251D-4F91-AF33-D9A0D255CB8A}.Release|Any CPU.ActiveCfg = Release|Any CPU
		{C2E9C7AA-251D-4F91-AF33-D9A0D255CB8A}.Release|Any CPU.Build.0 = Release|Any CPU
	EndGlobalSection
	GlobalSection(SolutionProperties) = preSolution
		HideSolutionNode = FALSE
	EndGlobalSection
	GlobalSection(ExtensibilityGlobals) = postSolution
		SolutionGuid = {2CDC1443-9BBF-428D-9B98-5121EFEFA63A}
	EndGlobalSection
EndGlobal
